
Microsoft Visual Studio Solution File, Format Version 12.00
# Visual Studio Version 17
VisualStudioVersion = 17.12.35527.113
MinimumVisualStudioVersion = 10.0.40219.1
Project("{FAE04EC0-301F-11D3-BF4B-00C04F79EFBC}") = "GestionProductos", "GestionProductos\GestionProductos.csproj", "{54547A70-99AC-4ED9-8A40-67CEB405B396}"
EndProject
Project("{FAE04EC0-301F-11D3-BF4B-00C04F79EFBC}") = "TestProjectGestionProductos", "TestProjectGestionProductos\TestProjectGestionProductos.csproj", "{86F47867-DB01-44ED-ACF6-3FE2CDEADC4B}"
EndProject
Global
	GlobalSection(SolutionConfigurationPlatforms) = preSolution
		Debug|Any CPU = Debug|Any CPU
		Release|Any CPU = Release|Any CPU
	EndGlobalSection
	GlobalSection(ProjectConfigurationPlatforms) = postSolution
		{54547A70-99AC-4ED9-8A40-67CEB405B396}.Debug|Any CPU.ActiveCfg = Debug|Any CPU
		{54547A70-99AC-4ED9-8A40-67CEB405B396}.Debug|Any CPU.Build.0 = Debug|Any CPU
		{54547A70-99AC-4ED9-8A40-67CEB405B396}.Release|Any CPU.ActiveCfg = Release|Any CPU
		{54547A70-99AC-4ED9-8A40-67CEB405B396}.Release|Any CPU.Build.0 = Release|Any CPU
		{86F47867-DB01-44ED-ACF6-3FE2CDEADC4B}.Debug|Any CPU.ActiveCfg = Debug|Any CPU
		{86F47867-DB01-44ED-ACF6-3FE2CDEADC4B}.Debug|Any CPU.Build.0 = Debug|Any CPU
		{86F47867-DB01-44ED-ACF6-3FE2CDEADC4B}.Release|Any CPU.ActiveCfg = Release|Any CPU
		{86F47867-DB01-44ED-ACF6-3FE2CDEADC4B}.Release|Any CPU.Build.0 = Release|Any CPU
	EndGlobalSection
	GlobalSection(SolutionProperties) = preSolution
		HideSolutionNode = FALSE
	EndGlobalSection
EndGlobal
